{
    "version": 3,
    "terraform_version": "0.11.7",
    "serial": 10,
    "lineage": "c5ad21ce-e91e-d28c-a35e-83db1d4092b7",
    "modules": [
        {
            "path": [
                "root"
            ],
            "outputs": {
                "elb": {
                    "sensitive": false,
                    "type": "string",
                    "value": "myapp-elb-1945314703.eu-west-1.elb.amazonaws.com"
                },
                "jenkins": {
                    "sensitive": false,
                    "type": "string",
                    "value": "52.214.243.216"
                },
                "myapp-repository-URL": {
                    "sensitive": false,
                    "type": "string",
                    "value": "186760336854.dkr.ecr.eu-west-1.amazonaws.com/myapp"
                }
            },
            "resources": {
                "aws_autoscaling_group.ecs-example-autoscaling": {
                    "type": "aws_autoscaling_group",
                    "depends_on": [
                        "aws_launch_configuration.ecs-example-launchconfig",
                        "aws_subnet.main-public-1",
                        "aws_subnet.main-public-2"
                    ],
                    "primary": {
                        "id": "ecs-example-autoscaling",
                        "attributes": {
                            "arn": "arn:aws:autoscaling:eu-west-1:186760336854:autoScalingGroup:f55459e7-486e-43b9-9abb-09511a063031:autoScalingGroupName/ecs-example-autoscaling",
                            "availability_zones.#": "2",
                            "availability_zones.1924028850": "eu-west-1b",
                            "availability_zones.3953592328": "eu-west-1a",
                            "default_cooldown": "300",
                            "desired_capacity": "1",
                            "enabled_metrics.#": "0",
                            "force_delete": "false",
                            "health_check_grace_period": "300",
                            "health_check_type": "EC2",
                            "id": "ecs-example-autoscaling",
                            "launch_configuration": "ecs-launchconfig20180814171036533800000001",
                            "launch_template.#": "0",
                            "load_balancers.#": "0",
                            "max_size": "1",
                            "metrics_granularity": "1Minute",
                            "min_size": "1",
                            "name": "ecs-example-autoscaling",
                            "placement_group": "",
                            "protect_from_scale_in": "false",
                            "service_linked_role_arn": "arn:aws:iam::186760336854:role/aws-service-role/autoscaling.amazonaws.com/AWSServiceRoleForAutoScaling",
                            "suspended_processes.#": "0",
                            "tag.#": "1",
                            "tag.2348833364.key": "Name",
                            "tag.2348833364.propagate_at_launch": "true",
                            "tag.2348833364.value": "ecs-ec2-container",
                            "target_group_arns.#": "0",
                            "termination_policies.#": "0",
                            "vpc_zone_identifier.#": "2",
                            "vpc_zone_identifier.1993026262": "subnet-023c1b05e442eec5e",
                            "vpc_zone_identifier.3783130742": "subnet-02d1e45e9b41822ce",
                            "wait_for_capacity_timeout": "10m"
                        },
                        "meta": {
                            "e2bfb730-ecaa-11e6-8f88-34363bc7c4c0": {
                                "delete": 600000000000
                            }
                        },
                        "tainted": false
                    },
                    "deposed": [],
                    "provider": "provider.aws"
                },
                "aws_ebs_volume.jenkins-data": {
                    "type": "aws_ebs_volume",
                    "depends_on": [],
                    "primary": {
                        "id": "vol-032936a385a361ca9",
                        "attributes": {
                            "arn": "arn:aws:ec2:eu-west-1:186760336854:volume/vol-032936a385a361ca9",
                            "availability_zone": "eu-west-1a",
                            "encrypted": "false",
                            "id": "vol-032936a385a361ca9",
                            "size": "20",
                            "snapshot_id": "",
                            "tags.%": "1",
                            "tags.Name": "jenkins-data",
                            "type": "gp2"
                        },
                        "meta": {},
                        "tainted": false
                    },
                    "deposed": [],
                    "provider": "provider.aws"
                },
                "aws_ecr_repository.myapp": {
                    "type": "aws_ecr_repository",
                    "depends_on": [],
                    "primary": {
                        "id": "myapp",
                        "attributes": {
                            "arn": "arn:aws:ecr:eu-west-1:186760336854:repository/myapp",
                            "id": "myapp",
                            "name": "myapp",
                            "registry_id": "186760336854",
                            "repository_url": "186760336854.dkr.ecr.eu-west-1.amazonaws.com/myapp"
                        },
                        "meta": {},
                        "tainted": false
                    },
                    "deposed": [],
                    "provider": "provider.aws"
                },
                "aws_ecs_cluster.example-cluster": {
                    "type": "aws_ecs_cluster",
                    "depends_on": [],
                    "primary": {
                        "id": "arn:aws:ecs:eu-west-1:186760336854:cluster/example-cluster",
                        "attributes": {
                            "arn": "arn:aws:ecs:eu-west-1:186760336854:cluster/example-cluster",
                            "id": "arn:aws:ecs:eu-west-1:186760336854:cluster/example-cluster",
                            "name": "example-cluster"
                        },
                        "meta": {},
                        "tainted": false
                    },
                    "deposed": [],
                    "provider": "provider.aws"
                },
                "aws_ecs_task_definition.myapp-task-definition": {
                    "type": "aws_ecs_task_definition",
                    "depends_on": [
                        "data.template_file.myapp-task-definition-template"
                    ],
                    "primary": {
                        "id": "myapp",
                        "attributes": {
                            "arn": "arn:aws:ecs:eu-west-1:186760336854:task-definition/myapp:9",
                            "container_definitions": "[{\"command\":[\"npm\",\"start\"],\"cpu\":256,\"environment\":[],\"essential\":true,\"image\":\"186760336854.dkr.ecr.eu-west-1.amazonaws.com/myapp:0\",\"memory\":256,\"mountPoints\":[],\"name\":\"myapp\",\"portMappings\":[{\"containerPort\":3000,\"hostPort\":3000,\"protocol\":\"tcp\"}],\"volumesFrom\":[],\"workingDirectory\":\"/app\"}]",
                            "cpu": "",
                            "execution_role_arn": "",
                            "family": "myapp",
                            "id": "myapp",
                            "memory": "",
                            "network_mode": "",
                            "placement_constraints.#": "0",
                            "requires_compatibilities.#": "0",
                            "revision": "9",
                            "task_role_arn": "",
                            "volume.#": "0"
                        },
                        "meta": {
                            "schema_version": "1"
                        },
                        "tainted": false
                    },
                    "deposed": [],
                    "provider": "provider.aws"
                },
                "aws_elb.myapp-elb": {
                    "type": "aws_elb",
                    "depends_on": [
                        "aws_security_group.myapp-elb-securitygroup",
                        "aws_subnet.main-public-1",
                        "aws_subnet.main-public-2"
                    ],
                    "primary": {
                        "id": "myapp-elb",
                        "attributes": {
                            "access_logs.#": "0",
                            "arn": "arn:aws:elasticloadbalancing:eu-west-1:186760336854:loadbalancer/myapp-elb",
                            "availability_zones.#": "2",
                            "availability_zones.1924028850": "eu-west-1b",
                            "availability_zones.3953592328": "eu-west-1a",
                            "connection_draining": "true",
                            "connection_draining_timeout": "400",
                            "cross_zone_load_balancing": "true",
                            "dns_name": "myapp-elb-1945314703.eu-west-1.elb.amazonaws.com",
                            "health_check.#": "1",
                            "health_check.0.healthy_threshold": "3",
                            "health_check.0.interval": "60",
                            "health_check.0.target": "HTTP:3000/",
                            "health_check.0.timeout": "30",
                            "health_check.0.unhealthy_threshold": "3",
                            "id": "myapp-elb",
                            "idle_timeout": "400",
                            "instances.#": "0",
                            "internal": "false",
                            "listener.#": "1",
                            "listener.2797230273.instance_port": "3000",
                            "listener.2797230273.instance_protocol": "http",
                            "listener.2797230273.lb_port": "80",
                            "listener.2797230273.lb_protocol": "http",
                            "listener.2797230273.ssl_certificate_id": "",
                            "name": "myapp-elb",
                            "security_groups.#": "1",
                            "security_groups.2330944979": "sg-0da927dc952b0433f",
                            "source_security_group": "186760336854/myapp-elb",
                            "source_security_group_id": "sg-0da927dc952b0433f",
                            "subnets.#": "2",
                            "subnets.1993026262": "subnet-023c1b05e442eec5e",
                            "subnets.3783130742": "subnet-02d1e45e9b41822ce",
                            "tags.%": "1",
                            "tags.Name": "myapp-elb",
                            "zone_id": "Z32O12XQLNTSW2"
                        },
                        "meta": {},
                        "tainted": false
                    },
                    "deposed": [],
                    "provider": "provider.aws"
                },
                "aws_iam_instance_profile.ecs-ec2-role": {
                    "type": "aws_iam_instance_profile",
                    "depends_on": [
                        "aws_iam_role.ecs-ec2-role"
                    ],
                    "primary": {
                        "id": "ecs-ec2-role",
                        "attributes": {
                            "arn": "arn:aws:iam::186760336854:instance-profile/ecs-ec2-role",
                            "create_date": "2018-08-14T17:10:19Z",
                            "id": "ecs-ec2-role",
                            "name": "ecs-ec2-role",
                            "path": "/",
                            "role": "ecs-ec2-role",
                            "roles.#": "0",
                            "unique_id": "AIPAITZZILF4VQW26YMS6"
                        },
                        "meta": {},
                        "tainted": false
                    },
                    "deposed": [],
                    "provider": "provider.aws"
                },
                "aws_iam_policy_attachment.ecs-service-attach1": {
                    "type": "aws_iam_policy_attachment",
                    "depends_on": [
                        "aws_iam_role.ecs-service-role"
                    ],
                    "primary": {
                        "id": "ecs-service-attach1",
                        "attributes": {
                            "groups.#": "0",
                            "id": "ecs-service-attach1",
                            "name": "ecs-service-attach1",
                            "policy_arn": "arn:aws:iam::aws:policy/service-role/AmazonEC2ContainerServiceRole",
                            "roles.#": "1",
                            "roles.4283548173": "ecs-service-role",
                            "users.#": "0"
                        },
                        "meta": {},
                        "tainted": false
                    },
                    "deposed": [],
                    "provider": "provider.aws"
                },
                "aws_iam_role.ecs-consul-server-role": {
                    "type": "aws_iam_role",
                    "depends_on": [],
                    "primary": {
                        "id": "ecs-consul-server-role",
                        "attributes": {
                            "arn": "arn:aws:iam::186760336854:role/ecs-consul-server-role",
                            "assume_role_policy": "{\"Version\":\"2012-10-17\",\"Statement\":[{\"Sid\":\"\",\"Effect\":\"Allow\",\"Principal\":{\"Service\":\"ec2.amazonaws.com\"},\"Action\":\"sts:AssumeRole\"}]}",
                            "create_date": "2018-08-14T17:10:19Z",
                            "description": "",
                            "force_detach_policies": "false",
                            "id": "ecs-consul-server-role",
                            "max_session_duration": "3600",
                            "name": "ecs-consul-server-role",
                            "path": "/",
                            "unique_id": "AROAJ3YMK35RTVOPYBWZW"
                        },
                        "meta": {},
                        "tainted": false
                    },
                    "deposed": [],
                    "provider": "provider.aws"
                },
                "aws_iam_role.ecs-ec2-role": {
                    "type": "aws_iam_role",
                    "depends_on": [],
                    "primary": {
                        "id": "ecs-ec2-role",
                        "attributes": {
                            "arn": "arn:aws:iam::186760336854:role/ecs-ec2-role",
                            "assume_role_policy": "{\"Version\":\"2012-10-17\",\"Statement\":[{\"Sid\":\"\",\"Effect\":\"Allow\",\"Principal\":{\"Service\":\"ec2.amazonaws.com\"},\"Action\":\"sts:AssumeRole\"}]}",
                            "create_date": "2018-08-14T17:10:19Z",
                            "description": "",
                            "force_detach_policies": "false",
                            "id": "ecs-ec2-role",
                            "max_session_duration": "3600",
                            "name": "ecs-ec2-role",
                            "path": "/",
                            "unique_id": "AROAIL2GZNSYWP77UFKMQ"
                        },
                        "meta": {},
                        "tainted": false
                    },
                    "deposed": [],
                    "provider": "provider.aws"
                },
                "aws_iam_role.ecs-service-role": {
                    "type": "aws_iam_role",
                    "depends_on": [],
                    "primary": {
                        "id": "ecs-service-role",
                        "attributes": {
                            "arn": "arn:aws:iam::186760336854:role/ecs-service-role",
                            "assume_role_policy": "{\"Version\":\"2012-10-17\",\"Statement\":[{\"Sid\":\"\",\"Effect\":\"Allow\",\"Principal\":{\"Service\":\"ecs.amazonaws.com\"},\"Action\":\"sts:AssumeRole\"}]}",
                            "create_date": "2018-08-14T17:10:19Z",
                            "description": "",
                            "force_detach_policies": "false",
                            "id": "ecs-service-role",
                            "max_session_duration": "3600",
                            "name": "ecs-service-role",
                            "path": "/",
                            "unique_id": "AROAJ5O7LDGVPMFKLBXNK"
                        },
                        "meta": {},
                        "tainted": false
                    },
                    "deposed": [],
                    "provider": "provider.aws"
                },
                "aws_iam_role_policy.ecs-ec2-role-policy": {
                    "type": "aws_iam_role_policy",
                    "depends_on": [
                        "aws_iam_role.ecs-ec2-role"
                    ],
                    "primary": {
                        "id": "ecs-ec2-role:ecs-ec2-role-policy",
                        "attributes": {
                            "id": "ecs-ec2-role:ecs-ec2-role-policy",
                            "name": "ecs-ec2-role-policy",
                            "policy": "{\n    \"Version\": \"2012-10-17\",\n    \"Statement\": [\n        {\n            \"Effect\": \"Allow\",\n            \"Action\": [\n              \"ecs:CreateCluster\",\n              \"ecs:DeregisterContainerInstance\",\n              \"ecs:DiscoverPollEndpoint\",\n              \"ecs:Poll\",\n              \"ecs:RegisterContainerInstance\",\n              \"ecs:StartTelemetrySession\",\n              \"ecs:Submit*\",\n              \"ecs:StartTask\",\n              \"ecr:GetAuthorizationToken\",\n              \"ecr:BatchCheckLayerAvailability\",\n              \"ecr:GetDownloadUrlForLayer\",\n              \"ecr:BatchGetImage\",\n              \"logs:CreateLogStream\",\n              \"logs:PutLogEvents\"\n            ],\n            \"Resource\": \"*\"\n        },\n        {\n            \"Effect\": \"Allow\",\n            \"Action\": [\n                \"logs:CreateLogGroup\",\n                \"logs:CreateLogStream\",\n                \"logs:PutLogEvents\",\n                \"logs:DescribeLogStreams\"\n            ],\n            \"Resource\": [\n                \"arn:aws:logs:*:*:*\"\n            ]\n        }\n    ]\n}\n",
                            "role": "ecs-ec2-role"
                        },
                        "meta": {},
                        "tainted": false
                    },
                    "deposed": [],
                    "provider": "provider.aws"
                },
                "aws_instance.jenkins-instance": {
                    "type": "aws_instance",
                    "depends_on": [
                        "aws_key_pair.mykeypair",
                        "aws_security_group.jenkins-securitygroup",
                        "aws_subnet.main-public-1",
                        "data.template_cloudinit_config.cloudinit-jenkins"
                    ],
                    "primary": {
                        "id": "i-04e67fdd311a4a9b3",
                        "attributes": {
                            "ami": "ami-844e0bf7",
                            "arn": "arn:aws:ec2:eu-west-1:186760336854:instance/i-04e67fdd311a4a9b3",
                            "associate_public_ip_address": "true",
                            "availability_zone": "eu-west-1a",
                            "cpu_core_count": "1",
                            "cpu_threads_per_core": "1",
                            "credit_specification.#": "1",
                            "credit_specification.0.cpu_credits": "standard",
                            "disable_api_termination": "false",
                            "ebs_block_device.#": "0",
                            "ebs_optimized": "false",
                            "ephemeral_block_device.#": "0",
                            "get_password_data": "false",
                            "iam_instance_profile": "",
                            "id": "i-04e67fdd311a4a9b3",
                            "instance_state": "running",
                            "instance_type": "t2.small",
                            "ipv6_addresses.#": "0",
                            "key_name": "mykeypair",
                            "monitoring": "false",
                            "network_interface.#": "0",
                            "network_interface_id": "eni-0e866c42513731471",
                            "password_data": "",
                            "placement_group": "",
                            "primary_network_interface_id": "eni-0e866c42513731471",
                            "private_dns": "ip-10-0-1-188.eu-west-1.compute.internal",
                            "private_ip": "10.0.1.188",
                            "public_dns": "ec2-52-214-243-216.eu-west-1.compute.amazonaws.com",
                            "public_ip": "52.214.243.216",
                            "root_block_device.#": "1",
                            "root_block_device.0.delete_on_termination": "true",
                            "root_block_device.0.iops": "100",
                            "root_block_device.0.volume_id": "vol-0ee72c20f6a209a31",
                            "root_block_device.0.volume_size": "8",
                            "root_block_device.0.volume_type": "gp2",
                            "security_groups.#": "0",
                            "source_dest_check": "true",
                            "subnet_id": "subnet-02d1e45e9b41822ce",
                            "tags.%": "0",
                            "tenancy": "default",
                            "user_data": "3aa4e5b2ae545ef2711cf5f44cffc2368638a611",
                            "volume_tags.%": "0",
                            "vpc_security_group_ids.#": "1",
                            "vpc_security_group_ids.3489337021": "sg-035d84f437f403e34"
                        },
                        "meta": {
                            "e2bfb730-ecaa-11e6-8f88-34363bc7c4c0": {
                                "create": 600000000000,
                                "delete": 1200000000000,
                                "update": 600000000000
                            },
                            "schema_version": "1"
                        },
                        "tainted": false
                    },
                    "deposed": [],
                    "provider": "provider.aws"
                },
                "aws_internet_gateway.main-gw": {
                    "type": "aws_internet_gateway",
                    "depends_on": [
                        "aws_vpc.main"
                    ],
                    "primary": {
                        "id": "igw-0635a3f9957af7070",
                        "attributes": {
                            "id": "igw-0635a3f9957af7070",
                            "tags.%": "1",
                            "tags.Name": "main",
                            "vpc_id": "vpc-09d4961ef1e109849"
                        },
                        "meta": {},
                        "tainted": false
                    },
                    "deposed": [],
                    "provider": "provider.aws"
                },
                "aws_key_pair.mykeypair": {
                    "type": "aws_key_pair",
                    "depends_on": [],
                    "primary": {
                        "id": "mykeypair",
                        "attributes": {
                            "id": "mykeypair",
                            "key_name": "mykeypair",
                            "public_key": "ssh-rsa AAAAB3NzaC1yc2EAAAADAQABAAABAQDQRx42K4W1TKsx6vE68QfUC99V0xfWFdja+NKdwwygeWPAoxl2esFIgOUl4x+yud5oQv4qqxTNRlte8jSy2DsejMcWYM/nUuTGrMol/pwN7IUY27i0yTsZj0fjrtkRPQGMzP2Iwzl/x1aciS/pQwCiGiDs9my1BXk/un8kneGVWdx8Vh0Tgs64jG0/xwG507y1TL1bnOCGnN13AXSbCroUCTSLHYKl6ZrkV7E3fkE37I/Bvhx6+UodzoUgEolxuQ6c3QdMykKsJfy4YyMxlcSsTkeZQkizx+jSrN+p3SK5QsnZ+afxq5OZUh+DZIL/PnRzH78b0xNTSn97w6run5q/ sitec@sitec-VirtualBox"
                        },
                        "meta": {
                            "schema_version": "1"
                        },
                        "tainted": false
                    },
                    "deposed": [],
                    "provider": "provider.aws"
                },
                "aws_launch_configuration.ecs-example-launchconfig": {
                    "type": "aws_launch_configuration",
                    "depends_on": [
                        "aws_iam_instance_profile.ecs-ec2-role",
                        "aws_key_pair.mykeypair",
                        "aws_security_group.ecs-securitygroup"
                    ],
                    "primary": {
                        "id": "ecs-launchconfig20180814171036533800000001",
                        "attributes": {
                            "associate_public_ip_address": "false",
                            "ebs_block_device.#": "0",
                            "ebs_optimized": "false",
                            "enable_monitoring": "true",
                            "ephemeral_block_device.#": "0",
                            "iam_instance_profile": "ecs-ec2-role",
                            "id": "ecs-launchconfig20180814171036533800000001",
                            "image_id": "ami-c8337dbb",
                            "instance_type": "t2.micro",
                            "key_name": "mykeypair",
                            "name": "ecs-launchconfig20180814171036533800000001",
                            "name_prefix": "ecs-launchconfig",
                            "root_block_device.#": "0",
                            "security_groups.#": "1",
                            "security_groups.392146567": "sg-0cec1b8da73b68e66",
                            "spot_price": "",
                            "user_data": "2283a54db9f636900b49c3e2a6cd048bca08dd5b",
                            "vpc_classic_link_id": "",
                            "vpc_classic_link_security_groups.#": "0"
                        },
                        "meta": {},
                        "tainted": false
                    },
                    "deposed": [],
                    "provider": "provider.aws"
                },
                "aws_route_table.main-public": {
                    "type": "aws_route_table",
                    "depends_on": [
                        "aws_internet_gateway.main-gw",
                        "aws_vpc.main"
                    ],
                    "primary": {
                        "id": "rtb-05c647c81af16ede7",
                        "attributes": {
                            "id": "rtb-05c647c81af16ede7",
                            "propagating_vgws.#": "0",
                            "route.#": "1",
                            "route.1503348396.cidr_block": "0.0.0.0/0",
                            "route.1503348396.egress_only_gateway_id": "",
                            "route.1503348396.gateway_id": "igw-0635a3f9957af7070",
                            "route.1503348396.instance_id": "",
                            "route.1503348396.ipv6_cidr_block": "",
                            "route.1503348396.nat_gateway_id": "",
                            "route.1503348396.network_interface_id": "",
                            "route.1503348396.vpc_peering_connection_id": "",
                            "tags.%": "1",
                            "tags.Name": "main-public-1",
                            "vpc_id": "vpc-09d4961ef1e109849"
                        },
                        "meta": {},
                        "tainted": false
                    },
                    "deposed": [],
                    "provider": "provider.aws"
                },
                "aws_route_table_association.main-public-1-a": {
                    "type": "aws_route_table_association",
                    "depends_on": [
                        "aws_route_table.main-public",
                        "aws_subnet.main-public-1"
                    ],
                    "primary": {
                        "id": "rtbassoc-03de031df5802ff3b",
                        "attributes": {
                            "id": "rtbassoc-03de031df5802ff3b",
                            "route_table_id": "rtb-05c647c81af16ede7",
                            "subnet_id": "subnet-02d1e45e9b41822ce"
                        },
                        "meta": {},
                        "tainted": false
                    },
                    "deposed": [],
                    "provider": "provider.aws"
                },
                "aws_route_table_association.main-public-2-a": {
                    "type": "aws_route_table_association",
                    "depends_on": [
                        "aws_route_table.main-public",
                        "aws_subnet.main-public-2"
                    ],
                    "primary": {
                        "id": "rtbassoc-084fca5d94631f8e5",
                        "attributes": {
                            "id": "rtbassoc-084fca5d94631f8e5",
                            "route_table_id": "rtb-05c647c81af16ede7",
                            "subnet_id": "subnet-023c1b05e442eec5e"
                        },
                        "meta": {},
                        "tainted": false
                    },
                    "deposed": [],
                    "provider": "provider.aws"
                },
                "aws_route_table_association.main-public-3-a": {
                    "type": "aws_route_table_association",
                    "depends_on": [
                        "aws_route_table.main-public",
                        "aws_subnet.main-public-3"
                    ],
                    "primary": {
                        "id": "rtbassoc-06b1a8007fc23d892",
                        "attributes": {
                            "id": "rtbassoc-06b1a8007fc23d892",
                            "route_table_id": "rtb-05c647c81af16ede7",
                            "subnet_id": "subnet-0679c6c3796b341d6"
                        },
                        "meta": {},
                        "tainted": false
                    },
                    "deposed": [],
                    "provider": "provider.aws"
                },
                "aws_s3_bucket.terraform-state": {
                    "type": "aws_s3_bucket",
                    "depends_on": [],
                    "primary": {
                        "id": "iraj-1999",
                        "attributes": {
                            "acceleration_status": "",
                            "acl": "private",
                            "arn": "arn:aws:s3:::iraj-1999",
                            "bucket": "iraj-1999",
                            "bucket_domain_name": "iraj-1999.s3.amazonaws.com",
                            "bucket_regional_domain_name": "iraj-1999.s3.eu-west-1.amazonaws.com",
                            "cors_rule.#": "0",
                            "force_destroy": "false",
                            "hosted_zone_id": "Z1BKCTXD74EZPE",
                            "id": "iraj-1999",
                            "logging.#": "0",
                            "region": "eu-west-1",
                            "replication_configuration.#": "0",
                            "request_payer": "BucketOwner",
                            "server_side_encryption_configuration.#": "0",
                            "tags.%": "1",
                            "tags.Name": "Terraform state",
                            "versioning.#": "1",
                            "versioning.0.enabled": "false",
                            "versioning.0.mfa_delete": "false",
                            "website.#": "0"
                        },
                        "meta": {},
                        "tainted": false
                    },
                    "deposed": [],
                    "provider": "provider.aws"
                },
                "aws_security_group.ecs-securitygroup": {
                    "type": "aws_security_group",
                    "depends_on": [
                        "aws_security_group.myapp-elb-securitygroup",
                        "aws_vpc.main"
                    ],
                    "primary": {
                        "id": "sg-0cec1b8da73b68e66",
                        "attributes": {
                            "arn": "arn:aws:ec2:eu-west-1:186760336854:security-group/sg-0cec1b8da73b68e66",
                            "description": "security group for ecs",
                            "egress.#": "1",
                            "egress.482069346.cidr_blocks.#": "1",
                            "egress.482069346.cidr_blocks.0": "0.0.0.0/0",
                            "egress.482069346.description": "",
                            "egress.482069346.from_port": "0",
                            "egress.482069346.ipv6_cidr_blocks.#": "0",
                            "egress.482069346.prefix_list_ids.#": "0",
                            "egress.482069346.protocol": "-1",
                            "egress.482069346.security_groups.#": "0",
                            "egress.482069346.self": "false",
                            "egress.482069346.to_port": "0",
                            "id": "sg-0cec1b8da73b68e66",
                            "ingress.#": "2",
                            "ingress.2541437006.cidr_blocks.#": "1",
                            "ingress.2541437006.cidr_blocks.0": "0.0.0.0/0",
                            "ingress.2541437006.description": "",
                            "ingress.2541437006.from_port": "22",
                            "ingress.2541437006.ipv6_cidr_blocks.#": "0",
                            "ingress.2541437006.protocol": "tcp",
                            "ingress.2541437006.security_groups.#": "0",
                            "ingress.2541437006.self": "false",
                            "ingress.2541437006.to_port": "22",
                            "ingress.2984396729.cidr_blocks.#": "0",
                            "ingress.2984396729.description": "",
                            "ingress.2984396729.from_port": "3000",
                            "ingress.2984396729.ipv6_cidr_blocks.#": "0",
                            "ingress.2984396729.protocol": "tcp",
                            "ingress.2984396729.security_groups.#": "1",
                            "ingress.2984396729.security_groups.2330944979": "sg-0da927dc952b0433f",
                            "ingress.2984396729.self": "false",
                            "ingress.2984396729.to_port": "3000",
                            "name": "ecs",
                            "owner_id": "186760336854",
                            "revoke_rules_on_delete": "false",
                            "tags.%": "1",
                            "tags.Name": "ecs",
                            "vpc_id": "vpc-09d4961ef1e109849"
                        },
                        "meta": {
                            "e2bfb730-ecaa-11e6-8f88-34363bc7c4c0": {
                                "create": 600000000000,
                                "delete": 600000000000
                            },
                            "schema_version": "1"
                        },
                        "tainted": false
                    },
                    "deposed": [],
                    "provider": "provider.aws"
                },
                "aws_security_group.jenkins-securitygroup": {
                    "type": "aws_security_group",
                    "depends_on": [
                        "aws_vpc.main"
                    ],
                    "primary": {
                        "id": "sg-035d84f437f403e34",
                        "attributes": {
                            "arn": "arn:aws:ec2:eu-west-1:186760336854:security-group/sg-035d84f437f403e34",
                            "description": "security group that allows ssh and all egress traffic",
                            "egress.#": "1",
                            "egress.482069346.cidr_blocks.#": "1",
                            "egress.482069346.cidr_blocks.0": "0.0.0.0/0",
                            "egress.482069346.description": "",
                            "egress.482069346.from_port": "0",
                            "egress.482069346.ipv6_cidr_blocks.#": "0",
                            "egress.482069346.prefix_list_ids.#": "0",
                            "egress.482069346.protocol": "-1",
                            "egress.482069346.security_groups.#": "0",
                            "egress.482069346.self": "false",
                            "egress.482069346.to_port": "0",
                            "id": "sg-035d84f437f403e34",
                            "ingress.#": "2",
                            "ingress.2541437006.cidr_blocks.#": "1",
                            "ingress.2541437006.cidr_blocks.0": "0.0.0.0/0",
                            "ingress.2541437006.description": "",
                            "ingress.2541437006.from_port": "22",
                            "ingress.2541437006.ipv6_cidr_blocks.#": "0",
                            "ingress.2541437006.protocol": "tcp",
                            "ingress.2541437006.security_groups.#": "0",
                            "ingress.2541437006.self": "false",
                            "ingress.2541437006.to_port": "22",
                            "ingress.516175195.cidr_blocks.#": "1",
                            "ingress.516175195.cidr_blocks.0": "0.0.0.0/0",
                            "ingress.516175195.description": "",
                            "ingress.516175195.from_port": "8080",
                            "ingress.516175195.ipv6_cidr_blocks.#": "0",
                            "ingress.516175195.protocol": "tcp",
                            "ingress.516175195.security_groups.#": "0",
                            "ingress.516175195.self": "false",
                            "ingress.516175195.to_port": "8080",
                            "name": "jenkins-securitygroup",
                            "owner_id": "186760336854",
                            "revoke_rules_on_delete": "false",
                            "tags.%": "1",
                            "tags.Name": "jenkins-securitygroup",
                            "vpc_id": "vpc-09d4961ef1e109849"
                        },
                        "meta": {
                            "e2bfb730-ecaa-11e6-8f88-34363bc7c4c0": {
                                "create": 600000000000,
                                "delete": 600000000000
                            },
                            "schema_version": "1"
                        },
                        "tainted": false
                    },
                    "deposed": [],
                    "provider": "provider.aws"
                },
                "aws_security_group.myapp-elb-securitygroup": {
                    "type": "aws_security_group",
                    "depends_on": [
                        "aws_vpc.main"
                    ],
                    "primary": {
                        "id": "sg-0da927dc952b0433f",
                        "attributes": {
                            "arn": "arn:aws:ec2:eu-west-1:186760336854:security-group/sg-0da927dc952b0433f",
                            "description": "security group for ecs",
                            "egress.#": "1",
                            "egress.482069346.cidr_blocks.#": "1",
                            "egress.482069346.cidr_blocks.0": "0.0.0.0/0",
                            "egress.482069346.description": "",
                            "egress.482069346.from_port": "0",
                            "egress.482069346.ipv6_cidr_blocks.#": "0",
                            "egress.482069346.prefix_list_ids.#": "0",
                            "egress.482069346.protocol": "-1",
                            "egress.482069346.security_groups.#": "0",
                            "egress.482069346.self": "false",
                            "egress.482069346.to_port": "0",
                            "id": "sg-0da927dc952b0433f",
                            "ingress.#": "1",
                            "ingress.2214680975.cidr_blocks.#": "1",
                            "ingress.2214680975.cidr_blocks.0": "0.0.0.0/0",
                            "ingress.2214680975.description": "",
                            "ingress.2214680975.from_port": "80",
                            "ingress.2214680975.ipv6_cidr_blocks.#": "0",
                            "ingress.2214680975.protocol": "tcp",
                            "ingress.2214680975.security_groups.#": "0",
                            "ingress.2214680975.self": "false",
                            "ingress.2214680975.to_port": "80",
                            "name": "myapp-elb",
                            "owner_id": "186760336854",
                            "revoke_rules_on_delete": "false",
                            "tags.%": "1",
                            "tags.Name": "myapp-elb",
                            "vpc_id": "vpc-09d4961ef1e109849"
                        },
                        "meta": {
                            "e2bfb730-ecaa-11e6-8f88-34363bc7c4c0": {
                                "create": 600000000000,
                                "delete": 600000000000
                            },
                            "schema_version": "1"
                        },
                        "tainted": false
                    },
                    "deposed": [],
                    "provider": "provider.aws"
                },
                "aws_subnet.main-private-1": {
                    "type": "aws_subnet",
                    "depends_on": [
                        "aws_vpc.main"
                    ],
                    "primary": {
                        "id": "subnet-047c900acb73d59ac",
                        "attributes": {
                            "assign_ipv6_address_on_creation": "false",
                            "availability_zone": "eu-west-1a",
                            "cidr_block": "10.0.4.0/24",
                            "id": "subnet-047c900acb73d59ac",
                            "map_public_ip_on_launch": "false",
                            "tags.%": "1",
                            "tags.Name": "main-private-1",
                            "vpc_id": "vpc-09d4961ef1e109849"
                        },
                        "meta": {
                            "schema_version": "1"
                        },
                        "tainted": false
                    },
                    "deposed": [],
                    "provider": "provider.aws"
                },
                "aws_subnet.main-private-2": {
                    "type": "aws_subnet",
                    "depends_on": [
                        "aws_vpc.main"
                    ],
                    "primary": {
                        "id": "subnet-07408e36dc0b8feb2",
                        "attributes": {
                            "assign_ipv6_address_on_creation": "false",
                            "availability_zone": "eu-west-1b",
                            "cidr_block": "10.0.5.0/24",
                            "id": "subnet-07408e36dc0b8feb2",
                            "map_public_ip_on_launch": "false",
                            "tags.%": "1",
                            "tags.Name": "main-private-2",
                            "vpc_id": "vpc-09d4961ef1e109849"
                        },
                        "meta": {
                            "schema_version": "1"
                        },
                        "tainted": false
                    },
                    "deposed": [],
                    "provider": "provider.aws"
                },
                "aws_subnet.main-private-3": {
                    "type": "aws_subnet",
                    "depends_on": [
                        "aws_vpc.main"
                    ],
                    "primary": {
                        "id": "subnet-0c2333593e7014a2f",
                        "attributes": {
                            "assign_ipv6_address_on_creation": "false",
                            "availability_zone": "eu-west-1c",
                            "cidr_block": "10.0.6.0/24",
                            "id": "subnet-0c2333593e7014a2f",
                            "map_public_ip_on_launch": "false",
                            "tags.%": "1",
                            "tags.Name": "main-private-3",
                            "vpc_id": "vpc-09d4961ef1e109849"
                        },
                        "meta": {
                            "schema_version": "1"
                        },
                        "tainted": false
                    },
                    "deposed": [],
                    "provider": "provider.aws"
                },
                "aws_subnet.main-public-1": {
                    "type": "aws_subnet",
                    "depends_on": [
                        "aws_vpc.main"
                    ],
                    "primary": {
                        "id": "subnet-02d1e45e9b41822ce",
                        "attributes": {
                            "assign_ipv6_address_on_creation": "false",
                            "availability_zone": "eu-west-1a",
                            "cidr_block": "10.0.1.0/24",
                            "id": "subnet-02d1e45e9b41822ce",
                            "map_public_ip_on_launch": "true",
                            "tags.%": "1",
                            "tags.Name": "main-public-1",
                            "vpc_id": "vpc-09d4961ef1e109849"
                        },
                        "meta": {
                            "schema_version": "1"
                        },
                        "tainted": false
                    },
                    "deposed": [],
                    "provider": "provider.aws"
                },
                "aws_subnet.main-public-2": {
                    "type": "aws_subnet",
                    "depends_on": [
                        "aws_vpc.main"
                    ],
                    "primary": {
                        "id": "subnet-023c1b05e442eec5e",
                        "attributes": {
                            "assign_ipv6_address_on_creation": "false",
                            "availability_zone": "eu-west-1b",
                            "cidr_block": "10.0.2.0/24",
                            "id": "subnet-023c1b05e442eec5e",
                            "map_public_ip_on_launch": "true",
                            "tags.%": "1",
                            "tags.Name": "main-public-2",
                            "vpc_id": "vpc-09d4961ef1e109849"
                        },
                        "meta": {
                            "schema_version": "1"
                        },
                        "tainted": false
                    },
                    "deposed": [],
                    "provider": "provider.aws"
                },
                "aws_subnet.main-public-3": {
                    "type": "aws_subnet",
                    "depends_on": [
                        "aws_vpc.main"
                    ],
                    "primary": {
                        "id": "subnet-0679c6c3796b341d6",
                        "attributes": {
                            "assign_ipv6_address_on_creation": "false",
                            "availability_zone": "eu-west-1c",
                            "cidr_block": "10.0.3.0/24",
                            "id": "subnet-0679c6c3796b341d6",
                            "map_public_ip_on_launch": "true",
                            "tags.%": "1",
                            "tags.Name": "main-public-3",
                            "vpc_id": "vpc-09d4961ef1e109849"
                        },
                        "meta": {
                            "schema_version": "1"
                        },
                        "tainted": false
                    },
                    "deposed": [],
                    "provider": "provider.aws"
                },
                "aws_volume_attachment.jenkins-data-attachment": {
                    "type": "aws_volume_attachment",
                    "depends_on": [
                        "aws_ebs_volume.jenkins-data",
                        "aws_instance.jenkins-instance"
                    ],
                    "primary": {
                        "id": "vai-1350559953",
                        "attributes": {
                            "device_name": "/dev/xvdh",
                            "id": "vai-1350559953",
                            "instance_id": "i-04e67fdd311a4a9b3",
                            "volume_id": "vol-032936a385a361ca9"
                        },
                        "meta": {},
                        "tainted": false
                    },
                    "deposed": [],
                    "provider": "provider.aws"
                },
                "aws_vpc.main": {
                    "type": "aws_vpc",
                    "depends_on": [],
                    "primary": {
                        "id": "vpc-09d4961ef1e109849",
                        "attributes": {
                            "arn": "arn:aws:ec2:eu-west-1:186760336854:vpc/vpc-09d4961ef1e109849",
                            "assign_generated_ipv6_cidr_block": "false",
                            "cidr_block": "10.0.0.0/16",
                            "default_network_acl_id": "acl-0e33e2e7b3901706b",
                            "default_route_table_id": "rtb-02945d6570f8da3fd",
                            "default_security_group_id": "sg-0742db13beebde59f",
                            "dhcp_options_id": "dopt-cfcb4ca9",
                            "enable_classiclink": "false",
                            "enable_classiclink_dns_support": "false",
                            "enable_dns_hostnames": "true",
                            "enable_dns_support": "true",
                            "id": "vpc-09d4961ef1e109849",
                            "instance_tenancy": "default",
                            "main_route_table_id": "rtb-02945d6570f8da3fd",
                            "tags.%": "1",
                            "tags.Name": "main"
                        },
                        "meta": {
                            "schema_version": "1"
                        },
                        "tainted": false
                    },
                    "deposed": [],
                    "provider": "provider.aws"
                },
                "data.template_cloudinit_config.cloudinit-jenkins": {
                    "type": "template_cloudinit_config",
                    "depends_on": [
                        "data.template_file.jenkins-init"
                    ],
                    "primary": {
                        "id": "2805791169",
                        "attributes": {
                            "base64_encode": "false",
                            "gzip": "false",
                            "id": "2805791169",
                            "part.#": "1",
                            "part.0.content": "#!/bin/bash\n\n# volume setup\nvgchange -ay\n\nDEVICE_FS=`blkid -o value -s TYPE /dev/xvdh`\nif [ \"`echo -n $DEVICE_FS`\" == \"\" ] ; then \n  # wait for the device to be attached\n  DEVICENAME=`echo \"/dev/xvdh\" | awk -F '/' '{print $3}'`\n  DEVICEEXISTS=''\n  while [[ -z $DEVICEEXISTS ]]; do\n    echo \"checking $DEVICENAME\"\n    DEVICEEXISTS=`lsblk |grep \"$DEVICENAME\" |wc -l`\n    if [[ $DEVICEEXISTS != \"1\" ]]; then\n      sleep 15\n    fi\n  done\n  pvcreate /dev/xvdh\n  vgcreate data /dev/xvdh\n  lvcreate --name volume1 -l 100%FREE data\n  mkfs.ext4 /dev/data/volume1\nfi\nmkdir -p /var/lib/jenkins\necho '/dev/data/volume1 /var/lib/jenkins ext4 defaults 0 0' \u003e\u003e /etc/fstab\nmount /var/lib/jenkins\n\n# install jenkins and docker\nwget -q -O - https://pkg.jenkins.io/debian-stable/jenkins.io.key | sudo apt-key add -\necho \"deb http://pkg.jenkins.io/debian-stable binary/\" \u003e\u003e /etc/apt/sources.list\napt-get update\napt-get install -y jenkins=2.60.3 unzip docker.io\n\n# enable docker and add perms\nusermod -G docker jenkins\nsystemctl enable docker\nservice docker start\nservice jenkins restart\n\n# install pip\nwget -q https://bootstrap.pypa.io/get-pip.py\npython get-pip.py\npython3 get-pip.py\nrm -f get-pip.py\n# install awscli\npip install awscli\n\n# install terraform\nTERRAFORM_VERSION=\"0.11.7\"\nwget -q https://releases.hashicorp.com/terraform/0.11.7/terraform_0.11.7_linux_amd64.zip \\\n\u0026\u0026 unzip -o terraform_0.11.7_linux_amd64.zip -d /usr/local/bin \\\n\u0026\u0026 rm terraform_0.11.7_linux_amd64.zip\n\n# clean up\napt-get clean\nrm terraform_0.7.7_linux_amd64.zip\n",
                            "part.0.content_type": "text/x-shellscript",
                            "part.0.filename": "",
                            "part.0.merge_type": "",
                            "rendered": "Content-Type: multipart/mixed; boundary=\"MIMEBOUNDARY\"\nMIME-Version: 1.0\r\n\r\n--MIMEBOUNDARY\r\nContent-Transfer-Encoding: 7bit\r\nContent-Type: text/x-shellscript\r\nMime-Version: 1.0\r\n\r\n#!/bin/bash\n\n# volume setup\nvgchange -ay\n\nDEVICE_FS=`blkid -o value -s TYPE /dev/xvdh`\nif [ \"`echo -n $DEVICE_FS`\" == \"\" ] ; then \n  # wait for the device to be attached\n  DEVICENAME=`echo \"/dev/xvdh\" | awk -F '/' '{print $3}'`\n  DEVICEEXISTS=''\n  while [[ -z $DEVICEEXISTS ]]; do\n    echo \"checking $DEVICENAME\"\n    DEVICEEXISTS=`lsblk |grep \"$DEVICENAME\" |wc -l`\n    if [[ $DEVICEEXISTS != \"1\" ]]; then\n      sleep 15\n    fi\n  done\n  pvcreate /dev/xvdh\n  vgcreate data /dev/xvdh\n  lvcreate --name volume1 -l 100%FREE data\n  mkfs.ext4 /dev/data/volume1\nfi\nmkdir -p /var/lib/jenkins\necho '/dev/data/volume1 /var/lib/jenkins ext4 defaults 0 0' \u003e\u003e /etc/fstab\nmount /var/lib/jenkins\n\n# install jenkins and docker\nwget -q -O - https://pkg.jenkins.io/debian-stable/jenkins.io.key | sudo apt-key add -\necho \"deb http://pkg.jenkins.io/debian-stable binary/\" \u003e\u003e /etc/apt/sources.list\napt-get update\napt-get install -y jenkins=2.60.3 unzip docker.io\n\n# enable docker and add perms\nusermod -G docker jenkins\nsystemctl enable docker\nservice docker start\nservice jenkins restart\n\n# install pip\nwget -q https://bootstrap.pypa.io/get-pip.py\npython get-pip.py\npython3 get-pip.py\nrm -f get-pip.py\n# install awscli\npip install awscli\n\n# install terraform\nTERRAFORM_VERSION=\"0.11.7\"\nwget -q https://releases.hashicorp.com/terraform/0.11.7/terraform_0.11.7_linux_amd64.zip \\\n\u0026\u0026 unzip -o terraform_0.11.7_linux_amd64.zip -d /usr/local/bin \\\n\u0026\u0026 rm terraform_0.11.7_linux_amd64.zip\n\n# clean up\napt-get clean\nrm terraform_0.7.7_linux_amd64.zip\n\r\n--MIMEBOUNDARY--\r\n"
                        },
                        "meta": {},
                        "tainted": false
                    },
                    "deposed": [],
                    "provider": "provider.template"
                },
                "data.template_file.jenkins-init": {
                    "type": "template_file",
                    "depends_on": [],
                    "primary": {
                        "id": "d4f856113805099cd3af7d99bff22a4e6039daf30b3dc7c87ed2c34ffd7ffd33",
                        "attributes": {
                            "id": "d4f856113805099cd3af7d99bff22a4e6039daf30b3dc7c87ed2c34ffd7ffd33",
                            "rendered": "#!/bin/bash\n\n# volume setup\nvgchange -ay\n\nDEVICE_FS=`blkid -o value -s TYPE /dev/xvdh`\nif [ \"`echo -n $DEVICE_FS`\" == \"\" ] ; then \n  # wait for the device to be attached\n  DEVICENAME=`echo \"/dev/xvdh\" | awk -F '/' '{print $3}'`\n  DEVICEEXISTS=''\n  while [[ -z $DEVICEEXISTS ]]; do\n    echo \"checking $DEVICENAME\"\n    DEVICEEXISTS=`lsblk |grep \"$DEVICENAME\" |wc -l`\n    if [[ $DEVICEEXISTS != \"1\" ]]; then\n      sleep 15\n    fi\n  done\n  pvcreate /dev/xvdh\n  vgcreate data /dev/xvdh\n  lvcreate --name volume1 -l 100%FREE data\n  mkfs.ext4 /dev/data/volume1\nfi\nmkdir -p /var/lib/jenkins\necho '/dev/data/volume1 /var/lib/jenkins ext4 defaults 0 0' \u003e\u003e /etc/fstab\nmount /var/lib/jenkins\n\n# install jenkins and docker\nwget -q -O - https://pkg.jenkins.io/debian-stable/jenkins.io.key | sudo apt-key add -\necho \"deb http://pkg.jenkins.io/debian-stable binary/\" \u003e\u003e /etc/apt/sources.list\napt-get update\napt-get install -y jenkins=2.60.3 unzip docker.io\n\n# enable docker and add perms\nusermod -G docker jenkins\nsystemctl enable docker\nservice docker start\nservice jenkins restart\n\n# install pip\nwget -q https://bootstrap.pypa.io/get-pip.py\npython get-pip.py\npython3 get-pip.py\nrm -f get-pip.py\n# install awscli\npip install awscli\n\n# install terraform\nTERRAFORM_VERSION=\"0.11.7\"\nwget -q https://releases.hashicorp.com/terraform/0.11.7/terraform_0.11.7_linux_amd64.zip \\\n\u0026\u0026 unzip -o terraform_0.11.7_linux_amd64.zip -d /usr/local/bin \\\n\u0026\u0026 rm terraform_0.11.7_linux_amd64.zip\n\n# clean up\napt-get clean\nrm terraform_0.7.7_linux_amd64.zip\n",
                            "template": "#!/bin/bash\n\n# volume setup\nvgchange -ay\n\nDEVICE_FS=`blkid -o value -s TYPE ${DEVICE}`\nif [ \"`echo -n $DEVICE_FS`\" == \"\" ] ; then \n  # wait for the device to be attached\n  DEVICENAME=`echo \"${DEVICE}\" | awk -F '/' '{print $3}'`\n  DEVICEEXISTS=''\n  while [[ -z $DEVICEEXISTS ]]; do\n    echo \"checking $DEVICENAME\"\n    DEVICEEXISTS=`lsblk |grep \"$DEVICENAME\" |wc -l`\n    if [[ $DEVICEEXISTS != \"1\" ]]; then\n      sleep 15\n    fi\n  done\n  pvcreate ${DEVICE}\n  vgcreate data ${DEVICE}\n  lvcreate --name volume1 -l 100%FREE data\n  mkfs.ext4 /dev/data/volume1\nfi\nmkdir -p /var/lib/jenkins\necho '/dev/data/volume1 /var/lib/jenkins ext4 defaults 0 0' \u003e\u003e /etc/fstab\nmount /var/lib/jenkins\n\n# install jenkins and docker\nwget -q -O - https://pkg.jenkins.io/debian-stable/jenkins.io.key | sudo apt-key add -\necho \"deb http://pkg.jenkins.io/debian-stable binary/\" \u003e\u003e /etc/apt/sources.list\napt-get update\napt-get install -y jenkins=${JENKINS_VERSION} unzip docker.io\n\n# enable docker and add perms\nusermod -G docker jenkins\nsystemctl enable docker\nservice docker start\nservice jenkins restart\n\n# install pip\nwget -q https://bootstrap.pypa.io/get-pip.py\npython get-pip.py\npython3 get-pip.py\nrm -f get-pip.py\n# install awscli\npip install awscli\n\n# install terraform\nTERRAFORM_VERSION=\"0.11.7\"\nwget -q https://releases.hashicorp.com/terraform/0.11.7/terraform_0.11.7_linux_amd64.zip \\\n\u0026\u0026 unzip -o terraform_0.11.7_linux_amd64.zip -d /usr/local/bin \\\n\u0026\u0026 rm terraform_0.11.7_linux_amd64.zip\n\n# clean up\napt-get clean\nrm terraform_0.7.7_linux_amd64.zip\n",
                            "vars.%": "2",
                            "vars.DEVICE": "/dev/xvdh",
                            "vars.JENKINS_VERSION": "2.60.3"
                        },
                        "meta": {},
                        "tainted": false
                    },
                    "deposed": [],
                    "provider": "provider.template"
                },
                "data.template_file.myapp-task-definition-template": {
                    "type": "template_file",
                    "depends_on": [
                        "aws_ecr_repository.myapp"
                    ],
                    "primary": {
                        "id": "57b9d65a68fef805bb0f521d053bb51d44ab92a508daa4732156ac2adbd73e32",
                        "attributes": {
                            "id": "57b9d65a68fef805bb0f521d053bb51d44ab92a508daa4732156ac2adbd73e32",
                            "rendered": "[\n  {\n    \"essential\": true,\n    \"memory\": 256,\n    \"name\": \"myapp\",\n    \"cpu\": 256,\n    \"image\": \"186760336854.dkr.ecr.eu-west-1.amazonaws.com/myapp:0\",\n    \"workingDirectory\": \"/app\",\n    \"command\": [\"npm\", \"start\"],\n    \"portMappings\": [\n        {\n            \"containerPort\": 3000,\n            \"hostPort\": 3000\n        }\n    ]\n  }\n]\n\n",
                            "template": "[\n  {\n    \"essential\": true,\n    \"memory\": 256,\n    \"name\": \"myapp\",\n    \"cpu\": 256,\n    \"image\": \"${REPOSITORY_URL}:${APP_VERSION}\",\n    \"workingDirectory\": \"/app\",\n    \"command\": [\"npm\", \"start\"],\n    \"portMappings\": [\n        {\n            \"containerPort\": 3000,\n            \"hostPort\": 3000\n        }\n    ]\n  }\n]\n\n",
                            "vars.%": "2",
                            "vars.APP_VERSION": "0",
                            "vars.REPOSITORY_URL": "186760336854.dkr.ecr.eu-west-1.amazonaws.com/myapp"
                        },
                        "meta": {},
                        "tainted": false
                    },
                    "deposed": [],
                    "provider": "provider.template"
                }
            },
            "depends_on": []
        }
    ]
}
